
Microsoft Visual Studio Solution File, Format Version 12.00
# Visual Studio Version 17
VisualStudioVersion = 17.9.34701.34
MinimumVisualStudioVersion = 10.0.40219.1
Project("{FAE04EC0-301F-11D3-BF4B-00C04F79EFBC}") = "ADO_NET", "ADO_NET\ADO_NET.csproj", "{4E8FC6E8-E729-4E98-A3FA-AF65D4D7721F}"
EndProject
Project("{FAE04EC0-301F-11D3-BF4B-00C04F79EFBC}") = "Data", "Data\Data.csproj", "{D557E370-3522-4555-827E-A74B19DC100A}"
EndProject
Project("{FAE04EC0-301F-11D3-BF4B-00C04F79EFBC}") = "Models", "Models\Models.csproj", "{037EA120-9A78-470A-AA4E-9839BC3D0A1A}"
EndProject
Global
	GlobalSection(SolutionConfigurationPlatforms) = preSolution
		Debug|Any CPU = Debug|Any CPU
		Release|Any CPU = Release|Any CPU
	EndGlobalSection
	GlobalSection(ProjectConfigurationPlatforms) = postSolution
		{4E8FC6E8-E729-4E98-A3FA-AF65D4D7721F}.Debug|Any CPU.ActiveCfg = Debug|Any CPU
		{4E8FC6E8-E729-4E98-A3FA-AF65D4D7721F}.Debug|Any CPU.Build.0 = Debug|Any CPU
		{4E8FC6E8-E729-4E98-A3FA-AF65D4D7721F}.Release|Any CPU.ActiveCfg = Release|Any CPU
		{4E8FC6E8-E729-4E98-A3FA-AF65D4D7721F}.Release|Any CPU.Build.0 = Release|Any CPU
		{D557E370-3522-4555-827E-A74B19DC100A}.Debug|Any CPU.ActiveCfg = Debug|Any CPU
		{D557E370-3522-4555-827E-A74B19DC100A}.Debug|Any CPU.Build.0 = Debug|Any CPU
		{D557E370-3522-4555-827E-A74B19DC100A}.Release|Any CPU.ActiveCfg = Release|Any CPU
		{D557E370-3522-4555-827E-A74B19DC100A}.Release|Any CPU.Build.0 = Release|Any CPU
		{037EA120-9A78-470A-AA4E-9839BC3D0A1A}.Debug|Any CPU.ActiveCfg = Debug|Any CPU
		{037EA120-9A78-470A-AA4E-9839BC3D0A1A}.Debug|Any CPU.Build.0 = Debug|Any CPU
		{037EA120-9A78-470A-AA4E-9839BC3D0A1A}.Release|Any CPU.ActiveCfg = Release|Any CPU
		{037EA120-9A78-470A-AA4E-9839BC3D0A1A}.Release|Any CPU.Build.0 = Release|Any CPU
	EndGlobalSection
	GlobalSection(SolutionProperties) = preSolution
		HideSolutionNode = FALSE
	EndGlobalSection
	GlobalSection(ExtensibilityGlobals) = postSolution
		SolutionGuid = {0FBB3C90-FE88-45FC-9B91-D304F17DEBBA}
	EndGlobalSection
EndGlobal
